
Microsoft Visual Studio Solution File, Format Version 12.00
# Visual Studio Version 16
VisualStudioVersion = 16.0.31019.35
MinimumVisualStudioVersion = 10.0.40219.1
Project("{FAE04EC0-301F-11D3-BF4B-00C04F79EFBC}") = "MovieCharacters", "MovieCharacters.csproj", "{0B0A40F5-0E5B-4EF3-BAFA-2F0E03153A77}"
EndProject
Global
	GlobalSection(SolutionConfigurationPlatforms) = preSolution
		Debug|Any CPU = Debug|Any CPU
		Release|Any CPU = Release|Any CPU
	EndGlobalSection
	GlobalSection(ProjectConfigurationPlatforms) = postSolution
		{0B0A40F5-0E5B-4EF3-BAFA-2F0E03153A77}.Debug|Any CPU.ActiveCfg = Debug|Any CPU
		{0B0A40F5-0E5B-4EF3-BAFA-2F0E03153A77}.Debug|Any CPU.Build.0 = Debug|Any CPU
		{0B0A40F5-0E5B-4EF3-BAFA-2F0E03153A77}.Release|Any CPU.ActiveCfg = Release|Any CPU
		{0B0A40F5-0E5B-4EF3-BAFA-2F0E03153A77}.Release|Any CPU.Build.0 = Release|Any CPU
	EndGlobalSection
	GlobalSection(SolutionProperties) = preSolution
		HideSolutionNode = FALSE
	EndGlobalSection
	GlobalSection(ExtensibilityGlobals) = postSolution
		SolutionGuid = {D83D4BD5-6A0B-478B-94D2-8F8528C18F38}
	EndGlobalSection
EndGlobal
